{
  "name": "lagou-sprider",
  "version": "1.0.0",
  "lockfileVersion": 1,
  "dependencies": {
    "@types/node": {
      "version": "https://registry.npm.taobao.org/@types/node/download/@types/node-6.0.79.tgz",
      "integrity": "sha1-Xv59Sm2MRTx+nq9V2TH0oi+sUWk=",
      "dev": true
    },
    "agent-base": {
      "version": "2.1.1",
      "resolved": "http://registry.npm.taobao.org/agent-base/download/agent-base-2.1.1.tgz",
      "integrity": "sha1-1t4Q1a9hMtW9aSQn1G/FOFOQlMc=",
      "dev": true,
      "dependencies": {
        "semver": {
          "version": "5.0.3",
          "resolved": "http://registry.npm.taobao.org/semver/download/semver-5.0.3.tgz",
          "integrity": "sha1-d0Zt5YnNXTyV8TiqeLxWmjy10no=",
          "dev": true
        }
      }
    },
    "amdefine": {
      "version": "1.0.1",
      "resolved": "http://registry.npm.taobao.org/amdefine/download/amdefine-1.0.1.tgz",
      "integrity": "sha1-SlKCrBZHKek2Gbz9OtFR+BfOkfU=",
      "dev": true,
      "optional": true
    },
    "ast-types": {
      "version": "0.9.12",
      "resolved": "http://registry.npm.taobao.org/ast-types/download/ast-types-0.9.12.tgz",
      "integrity": "sha1-sTYwDWcCZiWuFTJpgsqZGOXbc8k=",
      "dev": true
    },
    "async": {
      "version": "https://registry.npm.taobao.org/async/download/async-2.5.0.tgz",
      "integrity": "sha1-hDGQ/WtzV6C54clW7d3V7IRitU0=",
      "dev": true
    },
    "asynckit": {
      "version": "https://registry.npmjs.org/asynckit/-/asynckit-0.4.0.tgz",
      "integrity": "sha1-x57Zf380y48robyXkLzDZkdLS3k=",
      "dev": true
    },
    "boolbase": {
      "version": "https://registry.npm.taobao.org/boolbase/download/boolbase-1.0.0.tgz",
      "integrity": "sha1-aN/1++YMUes3cl6p4+0xDcwed24=",
      "dev": true
    },
    "bson": {
      "version": "https://registry.npm.taobao.org/bson/download/bson-1.0.4.tgz",
      "integrity": "sha1-k8ENOeqltYQVy8QFLz5T5WKwtyw=",
      "dev": true
    },
    "buffer-shims": {
      "version": "https://registry.npm.taobao.org/buffer-shims/download/buffer-shims-1.0.0.tgz",
      "integrity": "sha1-mXjOMXOIxkmth5MCjDR37wRKi1E=",
      "dev": true
    },
    "bytes": {
      "version": "2.4.0",
      "resolved": "http://registry.npm.taobao.org/bytes/download/bytes-2.4.0.tgz",
      "integrity": "sha1-fZcZb51br39pNeJZhVSe3SpsIzk=",
      "dev": true
    },
    "cheerio": {
      "version": "https://registry.npm.taobao.org/cheerio/download/cheerio-1.0.0-rc.2.tgz",
      "integrity": "sha1-S59TqBsn5NXawxwP/Qz6A8xoMNs=",
      "dev": true
    },
    "co": {
      "version": "3.0.6",
      "resolved": "http://registry.npm.taobao.org/co/download/co-3.0.6.tgz",
      "integrity": "sha1-FEXyJsXrlWE45oyawwFn6n0ua9o=",
      "dev": true
    },
    "combined-stream": {
      "version": "https://registry.npmjs.org/combined-stream/-/combined-stream-1.0.5.tgz",
      "integrity": "sha1-k4NwpXtKUd6ix3wV1cX9+JUWQAk=",
      "dev": true
    },
    "component-emitter": {
      "version": "https://registry.npm.taobao.org/component-emitter/download/component-emitter-1.2.1.tgz",
      "integrity": "sha1-E3kY1teCg/ffemt8WmPhQOaUJeY=",
      "dev": true
    },
    "cookiejar": {
      "version": "https://registry.npm.taobao.org/cookiejar/download/cookiejar-2.1.1.tgz",
      "integrity": "sha1-Qa1XsbVVlR7BcUEqgZQrHoIA00o=",
      "dev": true
    },
    "core-util-is": {
      "version": "https://registry.npm.taobao.org/core-util-is/download/core-util-is-1.0.2.tgz",
      "integrity": "sha1-tf1UIgqivFq1eqtxQMlAdUUDwac=",
      "dev": true
    },
    "css-select": {
      "version": "https://registry.npm.taobao.org/css-select/download/css-select-1.2.0.tgz",
      "integrity": "sha1-KzoRBTnFNV8c2NMUYj6HCxIeyFg=",
      "dev": true
    },
    "css-what": {
      "version": "https://registry.npm.taobao.org/css-what/download/css-what-2.1.0.tgz",
      "integrity": "sha1-lGfQMsOM+u+58teVASUwYvh/ob0=",
      "dev": true
    },
    "data-uri-to-buffer": {
      "version": "0.0.4",
      "resolved": "http://registry.npm.taobao.org/data-uri-to-buffer/download/data-uri-to-buffer-0.0.4.tgz",
      "integrity": "sha1-RuE6udqOMJdFyNAc5UchPr2y/j8=",
      "dev": true
    },
    "debug": {
      "version": "https://registry.npm.taobao.org/debug/download/debug-2.6.8.tgz",
      "integrity": "sha1-5zFTHKLt4n0YgiJCfaF4IdaP9Pw=",
      "dev": true
    },
    "deep-is": {
      "version": "0.1.3",
      "resolved": "http://registry.npm.taobao.org/deep-is/download/deep-is-0.1.3.tgz",
      "integrity": "sha1-s2nW+128E+7PUk+RsHD+7cNXzzQ=",
      "dev": true
    },
    "degenerator": {
      "version": "1.0.4",
      "resolved": "http://registry.npm.taobao.org/degenerator/download/degenerator-1.0.4.tgz",
      "integrity": "sha1-/PSQo37OJmRk2cxDGrmMWBnO0JU=",
      "dev": true
    },
    "delayed-stream": {
      "version": "https://registry.npmjs.org/delayed-stream/-/delayed-stream-1.0.0.tgz",
      "integrity": "sha1-3zrhmayt+31ECqrgsp4icrJOxhk=",
      "dev": true
    },
    "dom-serializer": {
      "version": "https://registry.npm.taobao.org/dom-serializer/download/dom-serializer-0.1.0.tgz",
      "integrity": "sha1-BzxpdUbOB4DOI75KKOKT5AvDDII=",
      "dev": true,
      "dependencies": {
        "domelementtype": {
          "version": "https://registry.npm.taobao.org/domelementtype/download/domelementtype-1.1.3.tgz",
          "integrity": "sha1-vSh3PiZCiBrsUVRJJCmcXNgiGFs=",
          "dev": true
        }
      }
    },
    "domelementtype": {
      "version": "https://registry.npm.taobao.org/domelementtype/download/domelementtype-1.3.0.tgz",
      "integrity": "sha1-sXrtguirWeUt2cGbF1bg/BhyBMI=",
      "dev": true
    },
    "domhandler": {
      "version": "https://registry.npm.taobao.org/domhandler/download/domhandler-2.4.1.tgz",
      "integrity": "sha1-iS5HAAqZvlW783dP/qBWHYh5wlk=",
      "dev": true
    },
    "domutils": {
      "version": "https://registry.npm.taobao.org/domutils/download/domutils-1.5.1.tgz",
      "integrity": "sha1-3NhIiib1Y9YQeeSMn3t+Mjc2gs8=",
      "dev": true
    },
    "entities": {
      "version": "https://registry.npm.taobao.org/entities/download/entities-1.1.1.tgz",
      "integrity": "sha1-blwtClYhtdra7O+AuQ7ftc13cvA=",
      "dev": true
    },
    "es6-promise": {
      "version": "https://registry.npm.taobao.org/es6-promise/download/es6-promise-3.2.1.tgz",
      "integrity": "sha1-7FYjOGgDKQkgcXDDlEjiREndH8Q=",
      "dev": true
    },
    "escodegen": {
      "version": "1.8.1",
      "resolved": "http://registry.npm.taobao.org/escodegen/download/escodegen-1.8.1.tgz",
      "integrity": "sha1-WltTr0aTEQvrsIZ6o0MN07cKEBg=",
      "dev": true,
      "dependencies": {
        "esprima": {
          "version": "2.7.3",
          "resolved": "http://registry.npm.taobao.org/esprima/download/esprima-2.7.3.tgz",
          "integrity": "sha1-luO3DVd59q1JzQMmc9HDEnZ7pYE=",
          "dev": true
        }
      }
    },
    "esprima": {
      "version": "3.1.3",
      "resolved": "http://registry.npm.taobao.org/esprima/download/esprima-3.1.3.tgz",
      "integrity": "sha1-/cpRzuYTOJXjyI1TXOSdv/YqRjM=",
      "dev": true
    },
    "estraverse": {
      "version": "1.9.3",
      "resolved": "http://registry.npm.taobao.org/estraverse/download/estraverse-1.9.3.tgz",
      "integrity": "sha1-r2fy3JIlgkFZUJJgkaQAXSnJu0Q=",
      "dev": true
    },
    "esutils": {
      "version": "2.0.2",
      "resolved": "http://registry.npm.taobao.org/esutils/download/esutils-2.0.2.tgz",
      "integrity": "sha1-Cr9PHKpbyx96nYrMbepPqqBLrJs=",
      "dev": true
    },
    "extend": {
      "version": "https://registry.npmjs.org/extend/-/extend-3.0.1.tgz",
      "integrity": "sha1-p1Xqe8Gt/MWjHOfnYtuq3F5jZEQ=",
      "dev": true
    },
    "fast-levenshtein": {
      "version": "2.0.6",
      "resolved": "http://registry.npm.taobao.org/fast-levenshtein/download/fast-levenshtein-2.0.6.tgz",
      "integrity": "sha1-PYpcZog6FqMMqGQ+hR8Zuqd5eRc=",
      "dev": true
    },
    "file-uri-to-path": {
      "version": "0.0.2",
      "resolved": "http://registry.npm.taobao.org/file-uri-to-path/download/file-uri-to-path-0.0.2.tgz",
      "integrity": "sha1-N83RtbkFQEs/BeGyNkW+aU/3D4I=",
      "dev": true
    },
    "form-data": {
      "version": "https://registry.npm.taobao.org/form-data/download/form-data-2.2.0.tgz",
      "integrity": "sha1-ml47kpX5gLJiPPZPojixTOvKcHs=",
      "dev": true
    },
    "formidable": {
      "version": "https://registry.npm.taobao.org/formidable/download/formidable-1.1.1.tgz",
      "integrity": "sha1-lriIb3w8NQi5Mta9cMTTqI818ak=",
      "dev": true
    },
    "ftp": {
      "version": "0.3.10",
      "resolved": "http://registry.npm.taobao.org/ftp/download/ftp-0.3.10.tgz",
      "integrity": "sha1-kZfYYa2BQvPmPVqDv+TFn3MwiF0=",
      "dev": true,
      "dependencies": {
        "isarray": {
          "version": "0.0.1",
          "resolved": "http://registry.npm.taobao.org/isarray/download/isarray-0.0.1.tgz",
          "integrity": "sha1-ihis/Kmo9Bd+Cav8YDiTmwXR7t8=",
          "dev": true
        },
        "readable-stream": {
          "version": "1.1.14",
          "resolved": "http://registry.npm.taobao.org/readable-stream/download/readable-stream-1.1.14.tgz",
          "integrity": "sha1-fPTFTvZI44EwhMY23SB54WbAgdk=",
          "dev": true
        },
        "string_decoder": {
          "version": "0.10.31",
          "resolved": "http://registry.npm.taobao.org/string_decoder/download/string_decoder-0.10.31.tgz",
          "integrity": "sha1-YuIDvEF2bGwoyfyEMB2rHFMQ+pQ=",
          "dev": true
        }
      }
    },
    "get-uri": {
      "version": "2.0.0",
      "resolved": "http://registry.npm.taobao.org/get-uri/download/get-uri-2.0.0.tgz",
      "integrity": "sha1-cT5Hy8uuqzj4ivHN/IX6fwmwBzg=",
      "dev": true
    },
    "htmlparser2": {
      "version": "https://registry.npm.taobao.org/htmlparser2/download/htmlparser2-3.9.2.tgz",
      "integrity": "sha1-G9+HrMoPP55T+k/M6w9LTLsAszg=",
      "dev": true
    },
    "http-proxy-agent": {
      "version": "1.0.0",
      "resolved": "http://registry.npm.taobao.org/http-proxy-agent/download/http-proxy-agent-1.0.0.tgz",
      "integrity": "sha1-zBzjjkU7+YSg93AtLdWcc9CBKEo=",
      "dev": true
    },
    "https-proxy-agent": {
      "version": "1.0.0",
      "resolved": "http://registry.npm.taobao.org/https-proxy-agent/download/https-proxy-agent-1.0.0.tgz",
      "integrity": "sha1-NffabEjOTdv6JkiRrFk+5f+GceY=",
      "dev": true
    },
    "iconv-lite": {
      "version": "0.4.15",
      "resolved": "http://registry.npm.taobao.org/iconv-lite/download/iconv-lite-0.4.15.tgz",
      "integrity": "sha1-/iZaIYrGpXz+hUkn6dBMGYJe3es=",
      "dev": true
    },
    "inherits": {
      "version": "https://registry.npm.taobao.org/inherits/download/inherits-2.0.3.tgz",
      "integrity": "sha1-Yzwsg+PaQqUC9SRmAiSA9CCCYd4=",
      "dev": true
    },
    "ip": {
      "version": "1.0.1",
      "resolved": "http://registry.npm.taobao.org/ip/download/ip-1.0.1.tgz",
      "integrity": "sha1-x+NWzeoiWucbNtcPLnGpK6TkJZA=",
      "dev": true
    },
    "isarray": {
      "version": "https://registry.npm.taobao.org/isarray/download/isarray-1.0.0.tgz",
      "integrity": "sha1-u5NdSFgsuhaMBoNJV6VKPgcSTxE=",
      "dev": true
    },
    "levn": {
      "version": "0.3.0",
      "resolved": "http://registry.npm.taobao.org/levn/download/levn-0.3.0.tgz",
      "integrity": "sha1-OwmSTt+fCDwEkP3UwLxEIeBHZO4=",
      "dev": true
    },
    "lodash": {
      "version": "https://registry.npm.taobao.org/lodash/download/lodash-4.17.4.tgz",
      "integrity": "sha1-eCA6TRwyiuHYbcpkYONptX9AVa4=",
      "dev": true
    },
    "lru-cache": {
      "version": "2.6.5",
      "resolved": "http://registry.npm.taobao.org/lru-cache/download/lru-cache-2.6.5.tgz",
      "integrity": "sha1-5W1jVBSO3o13B7WNFDIg/QjfD9U=",
      "dev": true
    },
    "methods": {
      "version": "https://registry.npm.taobao.org/methods/download/methods-1.1.2.tgz",
      "integrity": "sha1-VSmk1nZUE07cxSZmVoNbD4Ua/O4=",
      "dev": true
    },
    "mime": {
      "version": "https://registry.npm.taobao.org/mime/download/mime-1.3.6.tgz",
      "integrity": "sha1-WR2E02U6awtKO5343lqoEI5y5eA=",
      "dev": true
    },
    "mime-db": {
      "version": "https://registry.npmjs.org/mime-db/-/mime-db-1.27.0.tgz",
      "integrity": "sha1-gg9XIpa70g7CXtVeW13oaeVDbrE=",
      "dev": true
    },
    "mime-types": {
      "version": "https://registry.npmjs.org/mime-types/-/mime-types-2.1.15.tgz",
      "integrity": "sha1-pOv1BkCUVpI3uM9wBGd20J/JKu0=",
      "dev": true
    },
    "mongodb": {
      "version": "https://registry.npm.taobao.org/mongodb/download/mongodb-2.2.30.tgz",
      "integrity": "sha1-jM2AH2dsgXIEDC8rR+lgKg1WNKs=",
      "dev": true,
      "dependencies": {
        "readable-stream": {
          "version": "https://registry.npm.taobao.org/readable-stream/download/readable-stream-2.2.7.tgz",
          "integrity": "sha1-BwV6y+JGeyIELTb5jFrVBwVOlbE=",
          "dev": true
        }
      }
    },
    "mongodb-core": {
      "version": "https://registry.npm.taobao.org/mongodb-core/download/mongodb-core-2.1.14.tgz",
      "integrity": "sha1-E8uidkImtb49GJkq8Mljzl6g8P0=",
      "dev": true
    },
    "ms": {
      "version": "https://registry.npm.taobao.org/ms/download/ms-2.0.0.tgz",
      "integrity": "sha1-VgiurfwAvmwpAd9fmGF4jeDVl8g=",
      "dev": true
    },
    "netmask": {
      "version": "1.0.6",
      "resolved": "http://registry.npm.taobao.org/netmask/download/netmask-1.0.6.tgz",
      "integrity": "sha1-ICl+idhvb2QA8lDZ9Pa0wZRfzTU=",
      "dev": true
    },
    "nth-check": {
      "version": "https://registry.npm.taobao.org/nth-check/download/nth-check-1.0.1.tgz",
      "integrity": "sha1-mSms32KPwsQQmN6rgqxYDPFJquQ=",
      "dev": true
    },
    "optionator": {
      "version": "0.8.2",
      "resolved": "http://registry.npm.taobao.org/optionator/download/optionator-0.8.2.tgz",
      "integrity": "sha1-NkxeQJ0/TWMB1sC0wFu6UBgK62Q=",
      "dev": true
    },
    "pac-proxy-agent": {
      "version": "1.1.0",
      "resolved": "http://registry.npm.taobao.org/pac-proxy-agent/download/pac-proxy-agent-1.1.0.tgz",
      "integrity": "sha1-NKOF399h0vDsrOCIWMdF0+eR/U0=",
      "dev": true
    },
    "pac-resolver": {
      "version": "2.0.0",
      "resolved": "http://registry.npm.taobao.org/pac-resolver/download/pac-resolver-2.0.0.tgz",
      "integrity": "sha1-mbiNLxk/ve78HJpSnB8yYKtSd80=",
      "dev": true
    },
    "parse5": {
      "version": "https://registry.npm.taobao.org/parse5/download/parse5-3.0.2.tgz",
      "integrity": "sha1-Be/1fw70V3+xRKefi5qWemzERRA=",
      "dev": true
    },
    "prelude-ls": {
      "version": "1.1.2",
      "resolved": "http://registry.npm.taobao.org/prelude-ls/download/prelude-ls-1.1.2.tgz",
      "integrity": "sha1-IZMqVJ9eUv/ZqCf1cOBL5iqX2lQ=",
      "dev": true
    },
    "process-nextick-args": {
      "version": "https://registry.npm.taobao.org/process-nextick-args/download/process-nextick-args-1.0.7.tgz",
      "integrity": "sha1-FQ4gt1ZZCtP5EJPyWk8q2L/zC6M=",
      "dev": true
    },
    "proxy-agent": {
      "version": "2.0.0",
      "resolved": "http://registry.npm.taobao.org/proxy-agent/download/proxy-agent-2.0.0.tgz",
      "integrity": "sha1-V+tTR6qAXXTsaByyVknbo5yTNJk=",
      "dev": true
    },
    "qs": {
      "version": "https://registry.npm.taobao.org/qs/download/qs-6.5.0.tgz",
      "integrity": "sha1-jQSVTTZN7z78VbWgeT4eLIsebkk=",
      "dev": true
    },
    "raw-body": {
      "version": "2.2.0",
      "resolved": "http://registry.npm.taobao.org/raw-body/download/raw-body-2.2.0.tgz",
      "integrity": "sha1-mUl2z2pQlqQRYoQEkvC9xdbn+5Y=",
      "dev": true
    },
    "readable-stream": {
      "version": "https://registry.npm.taobao.org/readable-stream/download/readable-stream-2.3.3.tgz",
      "integrity": "sha1-No8lEtefnUb9/HE0mueHi7weuVw=",
      "dev": true
    },
    "require_optional": {
      "version": "https://registry.npm.taobao.org/require_optional/download/require_optional-1.0.1.tgz",
      "integrity": "sha1-TPNaQkf2TKPfjC7yCMxJSxyo/C4=",
      "dev": true
    },
    "resolve-from": {
      "version": "https://registry.npm.taobao.org/resolve-from/download/resolve-from-2.0.0.tgz",
      "integrity": "sha1-lICrIOlP+h2egKgEx+oUdhGWa1c=",
      "dev": true
    },
    "safe-buffer": {
      "version": "https://registry.npm.taobao.org/safe-buffer/download/safe-buffer-5.1.1.tgz",
      "integrity": "sha1-iTMSr2myEj3vcfV4iQAWce6yyFM=",
      "dev": true
    },
    "semver": {
      "version": "https://registry.npm.taobao.org/semver/download/semver-5.3.0.tgz",
      "integrity": "sha1-myzl094C0XxgEq0yaqa00M9U+U8=",
      "dev": true
    },
    "smart-buffer": {
      "version": "1.1.15",
      "resolved": "http://registry.npm.taobao.org/smart-buffer/download/smart-buffer-1.1.15.tgz",
      "integrity": "sha1-fxFLW2X6s+KjWqd1uxLw0cZJvxY=",
      "dev": true
    },
    "socks": {
      "version": "1.1.10",
      "resolved": "http://registry.npm.taobao.org/socks/download/socks-1.1.10.tgz",
      "integrity": "sha1-W4t/x8jzQcU+0FbpKbe/Tei6e1o=",
      "dev": true,
      "dependencies": {
        "ip": {
          "version": "1.1.5",
          "resolved": "http://registry.npm.taobao.org/ip/download/ip-1.1.5.tgz",
          "integrity": "sha1-vd7XARQpCCjAoDnnLvJfWq7ENUo=",
          "dev": true
        }
      }
    },
    "socks-proxy-agent": {
      "version": "2.1.1",
      "resolved": "http://registry.npm.taobao.org/socks-proxy-agent/download/socks-proxy-agent-2.1.1.tgz",
      "integrity": "sha1-huuwcZMlhjeHDhO3vZnybGY989M=",
      "dev": true
    },
    "source-map": {
      "version": "0.2.0",
      "resolved": "http://registry.npm.taobao.org/source-map/download/source-map-0.2.0.tgz",
      "integrity": "sha1-2rc/vPwrqBm03gO9b26qSBZLP50=",
      "dev": true,
      "optional": true
    },
    "string_decoder": {
      "version": "https://registry.npm.taobao.org/string_decoder/download/string_decoder-1.0.3.tgz",
      "integrity": "sha1-D8Z9fBQYJd6UKC3VNr7GubzoYKs=",
      "dev": true
    },
    "superagent": {
      "version": "https://registry.npm.taobao.org/superagent/download/superagent-3.5.2.tgz",
      "integrity": "sha1-M2GjlxVnUEw1EGOr6q4PqiPb8/g=",
      "dev": true
    },
    "superagent-proxy": {
      "version": "1.0.2",
      "resolved": "http://registry.npm.taobao.org/superagent-proxy/download/superagent-proxy-1.0.2.tgz",
      "integrity": "sha1-ktNmBXj2GO1DqCz4yseZ/ik4ui0=",
      "dev": true
    },
    "thunkify": {
      "version": "2.1.2",
      "resolved": "http://registry.npm.taobao.org/thunkify/download/thunkify-2.1.2.tgz",
      "integrity": "sha1-+qDp0jDFGsyVyhOjYawFyn4EVT0=",
      "dev": true
    },
    "type-check": {
      "version": "0.3.2",
      "resolved": "http://registry.npm.taobao.org/type-check/download/type-check-0.3.2.tgz",
      "integrity": "sha1-WITKtRLPHTVeP7eE8wgEsrUg23I=",
      "dev": true
    },
    "unpipe": {
      "version": "1.0.0",
      "resolved": "http://registry.npm.taobao.org/unpipe/download/unpipe-1.0.0.tgz",
      "integrity": "sha1-sr9O6FFKrmFltIF4KdIbLvSZBOw=",
      "dev": true
    },
    "util-deprecate": {
      "version": "https://registry.npm.taobao.org/util-deprecate/download/util-deprecate-1.0.2.tgz",
      "integrity": "sha1-RQ1Nyfpw3nMnYvvS1KKJgUGaDM8=",
      "dev": true
    },
    "wordwrap": {
      "version": "1.0.0",
      "resolved": "http://registry.npm.taobao.org/wordwrap/download/wordwrap-1.0.0.tgz",
      "integrity": "sha1-J1hIEIkUVqQXHI0CJkQa3pDLyus=",
      "dev": true
    },
    "xregexp": {
      "version": "2.0.0",
      "resolved": "http://registry.npm.taobao.org/xregexp/download/xregexp-2.0.0.tgz",
      "integrity": "sha1-UqY+VsoLhKfzpfPWGHLxJq16WUM=",
      "dev": true
    }
  }
}
